{
  "name": "WS",
  "version": "1.0.0",
  "lockfileVersion": 1,
  "requires": true,
  "dependencies": {
    "vue": {
      "version": "2.6.14",
      "resolved": "http://af.hikvision.com.cn:80/artifactory/api/npm/npm-down/vue/-/vue-2.6.14.tgz",
      "integrity": "sha1-5RqlJQJQ1Wmj+606ilpofWA24jU="
    },
    "ws": {
      "version": "7.5.3",
      "resolved": "http://af.hikvision.com.cn:80/artifactory/api/npm/npm-down/ws/-/ws-7.5.3.tgz",
      "integrity": "sha1-Fgg1tjx9l7+rQY/BuKn87SrAGnQ="
    }
  }
}
